
Microsoft Visual Studio Solution File, Format Version 12.00
# Visual Studio Version 16
VisualStudioVersion = 16.0.31402.337
MinimumVisualStudioVersion = 10.0.40219.1
Project("{FAE04EC0-301F-11D3-BF4B-00C04F79EFBC}") = "Juego_Ahorcado.Android", "Juego_Ahorcado\Juego_Ahorcado.Android\Juego_Ahorcado.Android.csproj", "{969FDDA5-A943-49E0-A1CA-D277BE97883F}"
EndProject
Project("{FAE04EC0-301F-11D3-BF4B-00C04F79EFBC}") = "Juego_Ahorcado", "Juego_Ahorcado\Juego_Ahorcado\Juego_Ahorcado.csproj", "{C9C92D21-B0B6-4794-8887-2CB76053D4DC}"
EndProject
Global
	GlobalSection(SolutionConfigurationPlatforms) = preSolution
		Debug|Any CPU = Debug|Any CPU
		Release|Any CPU = Release|Any CPU
	EndGlobalSection
	GlobalSection(ProjectConfigurationPlatforms) = postSolution
		{969FDDA5-A943-49E0-A1CA-D277BE97883F}.Debug|Any CPU.ActiveCfg = Debug|Any CPU
		{969FDDA5-A943-49E0-A1CA-D277BE97883F}.Debug|Any CPU.Build.0 = Debug|Any CPU
		{969FDDA5-A943-49E0-A1CA-D277BE97883F}.Debug|Any CPU.Deploy.0 = Debug|Any CPU
		{969FDDA5-A943-49E0-A1CA-D277BE97883F}.Release|Any CPU.ActiveCfg = Release|Any CPU
		{969FDDA5-A943-49E0-A1CA-D277BE97883F}.Release|Any CPU.Build.0 = Release|Any CPU
		{969FDDA5-A943-49E0-A1CA-D277BE97883F}.Release|Any CPU.Deploy.0 = Release|Any CPU
		{C9C92D21-B0B6-4794-8887-2CB76053D4DC}.Debug|Any CPU.ActiveCfg = Debug|Any CPU
		{C9C92D21-B0B6-4794-8887-2CB76053D4DC}.Debug|Any CPU.Build.0 = Debug|Any CPU
		{C9C92D21-B0B6-4794-8887-2CB76053D4DC}.Debug|Any CPU.Deploy.0 = Debug|Any CPU
		{C9C92D21-B0B6-4794-8887-2CB76053D4DC}.Release|Any CPU.ActiveCfg = Release|Any CPU
		{C9C92D21-B0B6-4794-8887-2CB76053D4DC}.Release|Any CPU.Build.0 = Release|Any CPU
		{C9C92D21-B0B6-4794-8887-2CB76053D4DC}.Release|Any CPU.Deploy.0 = Release|Any CPU
	EndGlobalSection
	GlobalSection(SolutionProperties) = preSolution
		HideSolutionNode = FALSE
	EndGlobalSection
	GlobalSection(ExtensibilityGlobals) = postSolution
		SolutionGuid = {8FA3431F-786B-4852-834E-40DA413B1DA3}
	EndGlobalSection
EndGlobal
