
Microsoft Visual Studio Solution File, Format Version 12.00
# Visual Studio Version 16
VisualStudioVersion = 16.0.31321.278
MinimumVisualStudioVersion = 10.0.40219.1
Project("{FAE04EC0-301F-11D3-BF4B-00C04F79EFBC}") = "Interfaz de archivos", "Interfaz de archivos\Interfaz de archivos.csproj", "{C0A6332A-61F9-4AB3-8AF0-C924AC8BE964}"
EndProject
Global
	GlobalSection(SolutionConfigurationPlatforms) = preSolution
		Debug|Any CPU = Debug|Any CPU
		Release|Any CPU = Release|Any CPU
	EndGlobalSection
	GlobalSection(ProjectConfigurationPlatforms) = postSolution
		{C0A6332A-61F9-4AB3-8AF0-C924AC8BE964}.Debug|Any CPU.ActiveCfg = Debug|Any CPU
		{C0A6332A-61F9-4AB3-8AF0-C924AC8BE964}.Debug|Any CPU.Build.0 = Debug|Any CPU
		{C0A6332A-61F9-4AB3-8AF0-C924AC8BE964}.Release|Any CPU.ActiveCfg = Release|Any CPU
		{C0A6332A-61F9-4AB3-8AF0-C924AC8BE964}.Release|Any CPU.Build.0 = Release|Any CPU
	EndGlobalSection
	GlobalSection(SolutionProperties) = preSolution
		HideSolutionNode = FALSE
	EndGlobalSection
	GlobalSection(ExtensibilityGlobals) = postSolution
		SolutionGuid = {895920FC-8A73-4D12-B5CE-6980FB6715F4}
	EndGlobalSection
EndGlobal
