
Microsoft Visual Studio Solution File, Format Version 12.00
# Visual Studio Version 16
VisualStudioVersion = 16.0.31229.75
MinimumVisualStudioVersion = 10.0.40219.1
Project("{FAE04EC0-301F-11D3-BF4B-00C04F79EFBC}") = "WindowsFormsApp1", "WindowsFormsApp1\WindowsFormsApp1.csproj", "{374EC5C7-804D-4DFA-A43D-EFC0DF11BC90}"
EndProject
Global
	GlobalSection(SolutionConfigurationPlatforms) = preSolution
		Debug|Any CPU = Debug|Any CPU
		Release|Any CPU = Release|Any CPU
	EndGlobalSection
	GlobalSection(ProjectConfigurationPlatforms) = postSolution
		{374EC5C7-804D-4DFA-A43D-EFC0DF11BC90}.Debug|Any CPU.ActiveCfg = Debug|Any CPU
		{374EC5C7-804D-4DFA-A43D-EFC0DF11BC90}.Debug|Any CPU.Build.0 = Debug|Any CPU
		{374EC5C7-804D-4DFA-A43D-EFC0DF11BC90}.Release|Any CPU.ActiveCfg = Release|Any CPU
		{374EC5C7-804D-4DFA-A43D-EFC0DF11BC90}.Release|Any CPU.Build.0 = Release|Any CPU
	EndGlobalSection
	GlobalSection(SolutionProperties) = preSolution
		HideSolutionNode = FALSE
	EndGlobalSection
	GlobalSection(ExtensibilityGlobals) = postSolution
		SolutionGuid = {1002A31E-B723-4DF6-B096-C3B72E990ACC}
	EndGlobalSection
EndGlobal
