
Microsoft Visual Studio Solution File, Format Version 12.00
# Visual Studio Version 16
VisualStudioVersion = 16.0.31205.134
MinimumVisualStudioVersion = 10.0.40219.1
Project("{FAE04EC0-301F-11D3-BF4B-00C04F79EFBC}") = "Semáforo", "Semáforo\Semáforo.csproj", "{E50034CF-FBBD-444C-9B3A-BC7D2F5A495C}"
EndProject
Global
	GlobalSection(SolutionConfigurationPlatforms) = preSolution
		Debug|Any CPU = Debug|Any CPU
		Release|Any CPU = Release|Any CPU
	EndGlobalSection
	GlobalSection(ProjectConfigurationPlatforms) = postSolution
		{E50034CF-FBBD-444C-9B3A-BC7D2F5A495C}.Debug|Any CPU.ActiveCfg = Debug|Any CPU
		{E50034CF-FBBD-444C-9B3A-BC7D2F5A495C}.Debug|Any CPU.Build.0 = Debug|Any CPU
		{E50034CF-FBBD-444C-9B3A-BC7D2F5A495C}.Release|Any CPU.ActiveCfg = Release|Any CPU
		{E50034CF-FBBD-444C-9B3A-BC7D2F5A495C}.Release|Any CPU.Build.0 = Release|Any CPU
	EndGlobalSection
	GlobalSection(SolutionProperties) = preSolution
		HideSolutionNode = FALSE
	EndGlobalSection
	GlobalSection(ExtensibilityGlobals) = postSolution
		SolutionGuid = {FF974C04-6B3B-44C9-8BB5-F1A062D8EF41}
	EndGlobalSection
EndGlobal
